
Microsoft Visual Studio Solution File, Format Version 12.00
# Visual Studio Version 17
VisualStudioVersion = 17.0.31903.59
MinimumVisualStudioVersion = 10.0.40219.1
Project("{FAE04EC0-301F-11D3-BF4B-00C04F79EFBC}") = "Anagram", "Anagram\Anagram.csproj", "{BA98D03A-C54B-41E4-9FCE-4EBAF73019E5}"
EndProject
Project("{FAE04EC0-301F-11D3-BF4B-00C04F79EFBC}") = "Anagram.Tests", "Anagram.Tests\Anagram.Tests.csproj", "{06874412-3D0A-4D32-9F4B-5473FE7C44B1}"
EndProject
Global
	GlobalSection(SolutionConfigurationPlatforms) = preSolution
		Debug|Any CPU = Debug|Any CPU
		Release|Any CPU = Release|Any CPU
	EndGlobalSection
	GlobalSection(SolutionProperties) = preSolution
		HideSolutionNode = FALSE
	EndGlobalSection
	GlobalSection(ProjectConfigurationPlatforms) = postSolution
		{BA98D03A-C54B-41E4-9FCE-4EBAF73019E5}.Debug|Any CPU.ActiveCfg = Debug|Any CPU
		{BA98D03A-C54B-41E4-9FCE-4EBAF73019E5}.Debug|Any CPU.Build.0 = Debug|Any CPU
		{BA98D03A-C54B-41E4-9FCE-4EBAF73019E5}.Release|Any CPU.ActiveCfg = Release|Any CPU
		{BA98D03A-C54B-41E4-9FCE-4EBAF73019E5}.Release|Any CPU.Build.0 = Release|Any CPU
		{06874412-3D0A-4D32-9F4B-5473FE7C44B1}.Debug|Any CPU.ActiveCfg = Debug|Any CPU
		{06874412-3D0A-4D32-9F4B-5473FE7C44B1}.Debug|Any CPU.Build.0 = Debug|Any CPU
		{06874412-3D0A-4D32-9F4B-5473FE7C44B1}.Release|Any CPU.ActiveCfg = Release|Any CPU
		{06874412-3D0A-4D32-9F4B-5473FE7C44B1}.Release|Any CPU.Build.0 = Release|Any CPU
	EndGlobalSection
EndGlobal
